// !$*UTF8*$!
{
	archiveVersion = 1;
	classes = {
	};
	objectVersion = 46;
	objects = {

/* Begin PBXBuildFile section */
		6800206C1B6672960012B66F /* AppDelegate.m in Sources */ = {isa = PBXBuildFile; fileRef = 6800206B1B6672960012B66F /* AppDelegate.m */; };
		6800206F1B6672960012B66F /* main.m in Sources */ = {isa = PBXBuildFile; fileRef = 6800206E1B6672960012B66F /* main.m */; };
		680020721B6672960012B66F /* ViewController.m in Sources */ = {isa = PBXBuildFile; fileRef = 680020711B6672960012B66F /* ViewController.m */; };
		680020741B6672960012B66F /* Assets.xcassets in Resources */ = {isa = PBXBuildFile; fileRef = 680020731B6672960012B66F /* Assets.xcassets */; };
		680020771B6672960012B66F /* Main.storyboard in Resources */ = {isa = PBXBuildFile; fileRef = 680020751B6672960012B66F /* Main.storyboard */; };
		680020821B6672960012B66F /* Smart_HomeTests.m in Sources */ = {isa = PBXBuildFile; fileRef = 680020811B6672960012B66F /* Smart_HomeTests.m */; };
		6800208D1B6672960012B66F /* Smart_HomeUITests.m in Sources */ = {isa = PBXBuildFile; fileRef = 6800208C1B6672960012B66F /* Smart_HomeUITests.m */; };
		6800209B1B667A5C0012B66F /* Foundation.framework in Frameworks */ = {isa = PBXBuildFile; fileRef = 6800209A1B667A5C0012B66F /* Foundation.framework */; };
		6800209D1B667A640012B66F /* CoreData.framework in Frameworks */ = {isa = PBXBuildFile; fileRef = 6800209C1B667A640012B66F /* CoreData.framework */; };
		6800209F1B667A690012B66F /* AppKit.framework in Frameworks */ = {isa = PBXBuildFile; fileRef = 6800209E1B667A690012B66F /* AppKit.framework */; };
		680020A11B667A6F0012B66F /* Cocoa.framework in Frameworks */ = {isa = PBXBuildFile; fileRef = 680020A01B667A6F0012B66F /* Cocoa.framework */; };
		680020A31B667A760012B66F /* IOKit.framework in Frameworks */ = {isa = PBXBuildFile; fileRef = 680020A21B667A760012B66F /* IOKit.framework */; };
		680020A71B66B9BA0012B66F /* SettingsViewController.m in Sources */ = {isa = PBXBuildFile; fileRef = 680020A61B66B9BA0012B66F /* SettingsViewController.m */; };
		68D462871B74C6C800CE7AEF /* StatusPopoverController.m in Sources */ = {isa = PBXBuildFile; fileRef = 68D462851B74C6C800CE7AEF /* StatusPopoverController.m */; };
/* End PBXBuildFile section */

/* Begin PBXContainerItemProxy section */
		6800207E1B6672960012B66F /* PBXContainerItemProxy */ = {
			isa = PBXContainerItemProxy;
			containerPortal = 6800205F1B6672960012B66F /* Project object */;
			proxyType = 1;
			remoteGlobalIDString = 680020661B6672960012B66F;
			remoteInfo = "Smart Home";
		};
		680020891B6672960012B66F /* PBXContainerItemProxy */ = {
			isa = PBXContainerItemProxy;
			containerPortal = 6800205F1B6672960012B66F /* Project object */;
			proxyType = 1;
			remoteGlobalIDString = 680020661B6672960012B66F;
			remoteInfo = "Smart Home";
		};
/* End PBXContainerItemProxy section */

/* Begin PBXFileReference section */
		680020671B6672960012B66F /* Smart Home.app */ = {isa = PBXFileReference; explicitFileType = wrapper.application; includeInIndex = 0; path = "Smart Home.app"; sourceTree = BUILT_PRODUCTS_DIR; };
		6800206A1B6672960012B66F /* AppDelegate.h */ = {isa = PBXFileReference; lastKnownFileType = sourcecode.c.h; path = AppDelegate.h; sourceTree = "<group>"; };
		6800206B1B6672960012B66F /* AppDelegate.m */ = {isa = PBXFileReference; lastKnownFileType = sourcecode.c.objc; path = AppDelegate.m; sourceTree = "<group>"; };
		6800206E1B6672960012B66F /* main.m */ = {isa = PBXFileReference; lastKnownFileType = sourcecode.c.objc; path = main.m; sourceTree = "<group>"; };
		680020701B6672960012B66F /* ViewController.h */ = {isa = PBXFileReference; lastKnownFileType = sourcecode.c.h; path = ViewController.h; sourceTree = "<group>"; };
		680020711B6672960012B66F /* ViewController.m */ = {isa = PBXFileReference; lastKnownFileType = sourcecode.c.objc; path = ViewController.m; sourceTree = "<group>"; };
		680020731B6672960012B66F /* Assets.xcassets */ = {isa = PBXFileReference; lastKnownFileType = folder.assetcatalog; path = Assets.xcassets; sourceTree = "<group>"; };
		680020761B6672960012B66F /* Base */ = {isa = PBXFileReference; lastKnownFileType = file.storyboard; name = Base; path = Base.lproj/Main.storyboard; sourceTree = "<group>"; };
		680020781B6672960012B66F /* Info.plist */ = {isa = PBXFileReference; lastKnownFileType = text.plist.xml; path = Info.plist; sourceTree = "<group>"; };
		6800207D1B6672960012B66F /* Smart HomeTests.xctest */ = {isa = PBXFileReference; explicitFileType = wrapper.cfbundle; includeInIndex = 0; path = "Smart HomeTests.xctest"; sourceTree = BUILT_PRODUCTS_DIR; };
		680020811B6672960012B66F /* Smart_HomeTests.m */ = {isa = PBXFileReference; lastKnownFileType = sourcecode.c.objc; path = Smart_HomeTests.m; sourceTree = "<group>"; };
		680020831B6672960012B66F /* Info.plist */ = {isa = PBXFileReference; lastKnownFileType = text.plist.xml; path = Info.plist; sourceTree = "<group>"; };
		680020881B6672960012B66F /* Smart HomeUITests.xctest */ = {isa = PBXFileReference; explicitFileType = wrapper.cfbundle; includeInIndex = 0; path = "Smart HomeUITests.xctest"; sourceTree = BUILT_PRODUCTS_DIR; };
		6800208C1B6672960012B66F /* Smart_HomeUITests.m */ = {isa = PBXFileReference; lastKnownFileType = sourcecode.c.objc; path = Smart_HomeUITests.m; sourceTree = "<group>"; };
		6800208E1B6672960012B66F /* Info.plist */ = {isa = PBXFileReference; lastKnownFileType = text.plist.xml; path = Info.plist; sourceTree = "<group>"; };
		6800209A1B667A5C0012B66F /* Foundation.framework */ = {isa = PBXFileReference; lastKnownFileType = wrapper.framework; name = Foundation.framework; path = System/Library/Frameworks/Foundation.framework; sourceTree = SDKROOT; };
		6800209C1B667A640012B66F /* CoreData.framework */ = {isa = PBXFileReference; lastKnownFileType = wrapper.framework; name = CoreData.framework; path = System/Library/Frameworks/CoreData.framework; sourceTree = SDKROOT; };
		6800209E1B667A690012B66F /* AppKit.framework */ = {isa = PBXFileReference; lastKnownFileType = wrapper.framework; name = AppKit.framework; path = System/Library/Frameworks/AppKit.framework; sourceTree = SDKROOT; };
		680020A01B667A6F0012B66F /* Cocoa.framework */ = {isa = PBXFileReference; lastKnownFileType = wrapper.framework; name = Cocoa.framework; path = System/Library/Frameworks/Cocoa.framework; sourceTree = SDKROOT; };
		680020A21B667A760012B66F /* IOKit.framework */ = {isa = PBXFileReference; lastKnownFileType = wrapper.framework; name = IOKit.framework; path = System/Library/Frameworks/IOKit.framework; sourceTree = SDKROOT; };
		680020A51B66B9BA0012B66F /* SettingsViewController.h */ = {isa = PBXFileReference; fileEncoding = 4; lastKnownFileType = sourcecode.c.h; path = SettingsViewController.h; sourceTree = "<group>"; };
		680020A61B66B9BA0012B66F /* SettingsViewController.m */ = {isa = PBXFileReference; fileEncoding = 4; lastKnownFileType = sourcecode.c.objc; path = SettingsViewController.m; sourceTree = "<group>"; };
		68D462841B74C6C800CE7AEF /* StatusPopoverController.h */ = {isa = PBXFileReference; fileEncoding = 4; lastKnownFileType = sourcecode.c.h; path = StatusPopoverController.h; sourceTree = "<group>"; };
		68D462851B74C6C800CE7AEF /* StatusPopoverController.m */ = {isa = PBXFileReference; fileEncoding = 4; lastKnownFileType = sourcecode.c.objc; path = StatusPopoverController.m; sourceTree = "<group>"; };
/* End PBXFileReference section */

/* Begin PBXFrameworksBuildPhase section */
		680020641B6672960012B66F /* Frameworks */ = {
			isa = PBXFrameworksBuildPhase;
			buildActionMask = 2147483647;
			files = (
				680020A31B667A760012B66F /* IOKit.framework in Frameworks */,
				680020A11B667A6F0012B66F /* Cocoa.framework in Frameworks */,
				6800209F1B667A690012B66F /* AppKit.framework in Frameworks */,
				6800209D1B667A640012B66F /* CoreData.framework in Frameworks */,
				6800209B1B667A5C0012B66F /* Foundation.framework in Frameworks */,
			);
			runOnlyForDeploymentPostprocessing = 0;
		};
		6800207A1B6672960012B66F /* Frameworks */ = {
			isa = PBXFrameworksBuildPhase;
			buildActionMask = 2147483647;
			files = (
			);
			runOnlyForDeploymentPostprocessing = 0;
		};
		680020851B6672960012B66F /* Frameworks */ = {
			isa = PBXFrameworksBuildPhase;
			buildActionMask = 2147483647;
			files = (
			);
			runOnlyForDeploymentPostprocessing = 0;
		};
/* End PBXFrameworksBuildPhase section */

/* Begin PBXGroup section */
		6800205E1B6672960012B66F = {
			isa = PBXGroup;
			children = (
				680020691B6672960012B66F /* Smart Home */,
				680020801B6672960012B66F /* Smart HomeTests */,
				6800208B1B6672960012B66F /* Smart HomeUITests */,
				680020681B6672960012B66F /* Products */,
			);
			sourceTree = "<group>";
		};
		680020681B6672960012B66F /* Products */ = {
			isa = PBXGroup;
			children = (
				680020671B6672960012B66F /* Smart Home.app */,
				6800207D1B6672960012B66F /* Smart HomeTests.xctest */,
				680020881B6672960012B66F /* Smart HomeUITests.xctest */,
			);
			name = Products;
			sourceTree = "<group>";
		};
		680020691B6672960012B66F /* Smart Home */ = {
			isa = PBXGroup;
			children = (
				6800206A1B6672960012B66F /* AppDelegate.h */,
				6800206B1B6672960012B66F /* AppDelegate.m */,
				680020701B6672960012B66F /* ViewController.h */,
				680020711B6672960012B66F /* ViewController.m */,
				680020A51B66B9BA0012B66F /* SettingsViewController.h */,
				680020A61B66B9BA0012B66F /* SettingsViewController.m */,
				68D462841B74C6C800CE7AEF /* StatusPopoverController.h */,
				68D462851B74C6C800CE7AEF /* StatusPopoverController.m */,
				680020731B6672960012B66F /* Assets.xcassets */,
				680020751B6672960012B66F /* Main.storyboard */,
				680020781B6672960012B66F /* Info.plist */,
				680020A41B667A7C0012B66F /* Frameworks */,
				6800206D1B6672960012B66F /* Supporting Files */,
			);
			path = "Smart Home";
			sourceTree = "<group>";
		};
		6800206D1B6672960012B66F /* Supporting Files */ = {
			isa = PBXGroup;
			children = (
				6800206E1B6672960012B66F /* main.m */,
			);
			name = "Supporting Files";
			sourceTree = "<group>";
		};
		680020801B6672960012B66F /* Smart HomeTests */ = {
			isa = PBXGroup;
			children = (
				680020811B6672960012B66F /* Smart_HomeTests.m */,
				680020831B6672960012B66F /* Info.plist */,
			);
			path = "Smart HomeTests";
			sourceTree = "<group>";
		};
		6800208B1B6672960012B66F /* Smart HomeUITests */ = {
			isa = PBXGroup;
			children = (
				6800208C1B6672960012B66F /* Smart_HomeUITests.m */,
				6800208E1B6672960012B66F /* Info.plist */,
			);
			path = "Smart HomeUITests";
			sourceTree = "<group>";
		};
		680020A41B667A7C0012B66F /* Frameworks */ = {
			isa = PBXGroup;
			children = (
				680020A21B667A760012B66F /* IOKit.framework */,
				680020A01B667A6F0012B66F /* Cocoa.framework */,
				6800209E1B667A690012B66F /* AppKit.framework */,
				6800209C1B667A640012B66F /* CoreData.framework */,
				6800209A1B667A5C0012B66F /* Foundation.framework */,
			);
			name = Frameworks;
			path = ..;
			sourceTree = "<group>";
		};
/* End PBXGroup section */

/* Begin PBXNativeTarget section */
		680020661B6672960012B66F /* Smart Home */ = {
			isa = PBXNativeTarget;
			buildConfigurationList = 680020911B6672970012B66F /* Build configuration list for PBXNativeTarget "Smart Home" */;
			buildPhases = (
				680020631B6672960012B66F /* Sources */,
				680020641B6672960012B66F /* Frameworks */,
				680020651B6672960012B66F /* Resources */,
			);
			buildRules = (
			);
			dependencies = (
			);
			name = "Smart Home";
			productName = "Smart Home";
			productReference = 680020671B6672960012B66F /* Smart Home.app */;
			productType = "com.apple.product-type.application";
		};
		6800207C1B6672960012B66F /* Smart HomeTests */ = {
			isa = PBXNativeTarget;
			buildConfigurationList = 680020941B6672970012B66F /* Build configuration list for PBXNativeTarget "Smart HomeTests" */;
			buildPhases = (
				680020791B6672960012B66F /* Sources */,
				6800207A1B6672960012B66F /* Frameworks */,
				6800207B1B6672960012B66F /* Resources */,
			);
			buildRules = (
			);
			dependencies = (
				6800207F1B6672960012B66F /* PBXTargetDependency */,
			);
			name = "Smart HomeTests";
			productName = "Smart HomeTests";
			productReference = 6800207D1B6672960012B66F /* Smart HomeTests.xctest */;
			productType = "com.apple.product-type.bundle.unit-test";
		};
		680020871B6672960012B66F /* Smart HomeUITests */ = {
			isa = PBXNativeTarget;
			buildConfigurationList = 680020971B6672970012B66F /* Build configuration list for PBXNativeTarget "Smart HomeUITests" */;
			buildPhases = (
				680020841B6672960012B66F /* Sources */,
				680020851B6672960012B66F /* Frameworks */,
				680020861B6672960012B66F /* Resources */,
			);
			buildRules = (
			);
			dependencies = (
				6800208A1B6672960012B66F /* PBXTargetDependency */,
			);
			name = "Smart HomeUITests";
			productName = "Smart HomeUITests";
			productReference = 680020881B6672960012B66F /* Smart HomeUITests.xctest */;
			productType = "com.apple.product-type.bundle.ui-testing";
		};
/* End PBXNativeTarget section */

/* Begin PBXProject section */
		6800205F1B6672960012B66F /* Project object */ = {
			isa = PBXProject;
			attributes = {
				LastUpgradeCheck = 0700;
				ORGANIZATIONNAME = "Artem Belkov";
				TargetAttributes = {
					680020661B6672960012B66F = {
						CreatedOnToolsVersion = 7.0;
					};
					6800207C1B6672960012B66F = {
						CreatedOnToolsVersion = 7.0;
						TestTargetID = 680020661B6672960012B66F;
					};
					680020871B6672960012B66F = {
						CreatedOnToolsVersion = 7.0;
						TestTargetID = 680020661B6672960012B66F;
					};
				};
			};
			buildConfigurationList = 680020621B6672960012B66F /* Build configuration list for PBXProject "Smart Home" */;
			compatibilityVersion = "Xcode 3.2";
			developmentRegion = English;
			hasScannedForEncodings = 0;
			knownRegions = (
				en,
				Base,
			);
			mainGroup = 6800205E1B6672960012B66F;
			productRefGroup = 680020681B6672960012B66F /* Products */;
			projectDirPath = "";
			projectRoot = "";
			targets = (
				680020661B6672960012B66F /* Smart Home */,
				6800207C1B6672960012B66F /* Smart HomeTests */,
				680020871B6672960012B66F /* Smart HomeUITests */,
			);
		};
/* End PBXProject section */

/* Begin PBXResourcesBuildPhase section */
		680020651B6672960012B66F /* Resources */ = {
			isa = PBXResourcesBuildPhase;
			buildActionMask = 2147483647;
			files = (
				680020741B6672960012B66F /* Assets.xcassets in Resources */,
				680020771B6672960012B66F /* Main.storyboard in Resources */,
			);
			runOnlyForDeploymentPostprocessing = 0;
		};
		6800207B1B6672960012B66F /* Resources */ = {
			isa = PBXResourcesBuildPhase;
			buildActionMask = 2147483647;
			files = (
			);
			runOnlyForDeploymentPostprocessing = 0;
		};
		680020861B6672960012B66F /* Resources */ = {
			isa = PBXResourcesBuildPhase;
			buildActionMask = 2147483647;
			files = (
			);
			runOnlyForDeploymentPostprocessing = 0;
		};
/* End PBXResourcesBuildPhase section */

/* Begin PBXSourcesBuildPhase section */
		680020631B6672960012B66F /* Sources */ = {
			isa = PBXSourcesBuildPhase;
			buildActionMask = 2147483647;
			files = (
				680020721B6672960012B66F /* ViewController.m in Sources */,
				68D462871B74C6C800CE7AEF /* StatusPopoverController.m in Sources */,
				6800206F1B6672960012B66F /* main.m in Sources */,
				6800206C1B6672960012B66F /* AppDelegate.m in Sources */,
				680020A71B66B9BA0012B66F /* SettingsViewController.m in Sources */,
			);
			runOnlyForDeploymentPostprocessing = 0;
		};
		680020791B6672960012B66F /* Sources */ = {
			isa = PBXSourcesBuildPhase;
			buildActionMask = 2147483647;
			files = (
				680020821B6672960012B66F /* Smart_HomeTests.m in Sources */,
			);
			runOnlyForDeploymentPostprocessing = 0;
		};
		680020841B6672960012B66F /* Sources */ = {
			isa = PBXSourcesBuildPhase;
			buildActionMask = 2147483647;
			files = (
				6800208D1B6672960012B66F /* Smart_HomeUITests.m in Sources */,
			);
			runOnlyForDeploymentPostprocessing = 0;
		};
/* End PBXSourcesBuildPhase section */

/* Begin PBXTargetDependency section */
		6800207F1B6672960012B66F /* PBXTargetDependency */ = {
			isa = PBXTargetDependency;
			target = 680020661B6672960012B66F /* Smart Home */;
			targetProxy = 6800207E1B6672960012B66F /* PBXContainerItemProxy */;
		};
		6800208A1B6672960012B66F /* PBXTargetDependency */ = {
			isa = PBXTargetDependency;
			target = 680020661B6672960012B66F /* Smart Home */;
			targetProxy = 680020891B6672960012B66F /* PBXContainerItemProxy */;
		};
/* End PBXTargetDependency section */

/* Begin PBXVariantGroup section */
		680020751B6672960012B66F /* Main.storyboard */ = {
			isa = PBXVariantGroup;
			children = (
				680020761B6672960012B66F /* Base */,
			);
			name = Main.storyboard;
			sourceTree = "<group>";
		};
/* End PBXVariantGroup section */

/* Begin XCBuildConfiguration section */
		6800208F1B6672970012B66F /* Debug */ = {
			isa = XCBuildConfiguration;
			buildSettings = {
				ALWAYS_SEARCH_USER_PATHS = NO;
				CLANG_CXX_LANGUAGE_STANDARD = "gnu++0x";
				CLANG_CXX_LIBRARY = "libc++";
				CLANG_ENABLE_MODULES = YES;
				CLANG_ENABLE_OBJC_ARC = YES;
				CLANG_WARN_BOOL_CONVERSION = YES;
				CLANG_WARN_CONSTANT_CONVERSION = YES;
				CLANG_WARN_DIRECT_OBJC_ISA_USAGE = YES_ERROR;
				CLANG_WARN_EMPTY_BODY = YES;
				CLANG_WARN_ENUM_CONVERSION = YES;
				CLANG_WARN_INT_CONVERSION = YES;
				CLANG_WARN_OBJC_ROOT_CLASS = YES_ERROR;
				CLANG_WARN_UNREACHABLE_CODE = YES;
				CLANG_WARN__DUPLICATE_METHOD_MATCH = YES;
				CODE_SIGN_IDENTITY = "-";
				COPY_PHASE_STRIP = NO;
				DEBUG_INFORMATION_FORMAT = dwarf;
				ENABLE_STRICT_OBJC_MSGSEND = YES;
				ENABLE_TESTABILITY = YES;
				GCC_C_LANGUAGE_STANDARD = gnu99;
				GCC_DYNAMIC_NO_PIC = NO;
				GCC_NO_COMMON_BLOCKS = YES;
				GCC_OPTIMIZATION_LEVEL = 0;
				GCC_PREPROCESSOR_DEFINITIONS = (
					"DEBUG=1",
					"$(inherited)",
				);
				GCC_WARN_64_TO_32_BIT_CONVERSION = YES;
				GCC_WARN_ABOUT_RETURN_TYPE = YES_ERROR;
				GCC_WARN_UNDECLARED_SELECTOR = YES;
				GCC_WARN_UNINITIALIZED_AUTOS = YES_AGGRESSIVE;
				GCC_WARN_UNUSED_FUNCTION = YES;
				GCC_WARN_UNUSED_VARIABLE = YES;
				MACOSX_DEPLOYMENT_TARGET = 10.11;
				MTL_ENABLE_DEBUG_INFO = YES;
				ONLY_ACTIVE_ARCH = YES;
				SDKROOT = macosx;
			};
			name = Debug;
		};
		680020901B6672970012B66F /* Release */ = {
			isa = XCBuildConfiguration;
			buildSettings = {
				ALWAYS_SEARCH_USER_PATHS = NO;
				CLANG_CXX_LANGUAGE_STANDARD = "gnu++0x";
				CLANG_CXX_LIBRARY = "libc++";
				CLANG_ENABLE_MODULES = YES;
				CLANG_ENABLE_OBJC_ARC = YES;
				CLANG_WARN_BOOL_CONVERSION = YES;
				CLANG_WARN_CONSTANT_CONVERSION = YES;
				CLANG_WARN_DIRECT_OBJC_ISA_USAGE = YES_ERROR;
				CLANG_WARN_EMPTY_BODY = YES;
				CLANG_WARN_ENUM_CONVERSION = YES;
				CLANG_WARN_INT_CONVERSION = YES;
				CLANG_WARN_OBJC_ROOT_CLASS = YES_ERROR;
				CLANG_WARN_UNREACHABLE_CODE = YES;
				CLANG_WARN__DUPLICATE_METHOD_MATCH = YES;
				CODE_SIGN_IDENTITY = "-";
				COPY_PHASE_STRIP = NO;
				DEBUG_INFORMATION_FORMAT = "dwarf-with-dsym";
				ENABLE_NS_ASSERTIONS = NO;
				ENABLE_STRICT_OBJC_MSGSEND = YES;
				GCC_C_LANGUAGE_STANDARD = gnu99;
				GCC_NO_COMMON_BLOCKS = YES;
				GCC_WARN_64_TO_32_BIT_CONVERSION = YES;
				GCC_WARN_ABOUT_RETURN_TYPE = YES_ERROR;
				GCC_WARN_UNDECLARED_SELECTOR = YES;
				GCC_WARN_UNINITIALIZED_AUTOS = YES_AGGRESSIVE;
				GCC_WARN_UNUSED_FUNCTION = YES;
				GCC_WARN_UNUSED_VARIABLE = YES;
				MACOSX_DEPLOYMENT_TARGET = 10.11;
				MTL_ENABLE_DEBUG_INFO = NO;
				SDKROOT = macosx;
			};
			name = Release;
		};
		680020921B6672970012B66F /* Debug */ = {
			isa = XCBuildConfiguration;
			buildSettings = {
				ASSETCATALOG_COMPILER_APPICON_NAME = AppIcon;
				COMBINE_HIDPI_IMAGES = YES;
				INFOPLIST_FILE = "Smart Home/Info.plist";
				LD_RUNPATH_SEARCH_PATHS = "$(inherited) @executable_path/../Frameworks";
				PRODUCT_BUNDLE_IDENTIFIER = "com.artem.belkov.Smart-Home";
				PRODUCT_NAME = "$(TARGET_NAME)";
			};
			name = Debug;
		};
		680020931B6672970012B66F /* Release */ = {
			isa = XCBuildConfiguration;
			buildSettings = {
				ASSETCATALOG_COMPILER_APPICON_NAME = AppIcon;
				COMBINE_HIDPI_IMAGES = YES;
				INFOPLIST_FILE = "Smart Home/Info.plist";
				LD_RUNPATH_SEARCH_PATHS = "$(inherited) @executable_path/../Frameworks";
				PRODUCT_BUNDLE_IDENTIFIER = "com.artem.belkov.Smart-Home";
				PRODUCT_NAME = "$(TARGET_NAME)";
			};
			name = Release;
		};
		680020951B6672970012B66F /* Debug */ = {
			isa = XCBuildConfiguration;
			buildSettings = {
				BUNDLE_LOADER = "$(TEST_HOST)";
				COMBINE_HIDPI_IMAGES = YES;
				INFOPLIST_FILE = "Smart HomeTests/Info.plist";
				LD_RUNPATH_SEARCH_PATHS = "$(inherited) @executable_path/../Frameworks @loader_path/../Frameworks";
				PRODUCT_BUNDLE_IDENTIFIER = "com.artem.belkov.Smart-HomeTests";
				PRODUCT_NAME = "$(TARGET_NAME)";
				TEST_HOST = "$(BUILT_PRODUCTS_DIR)/Smart Home.app/Contents/MacOS/Smart Home";
			};
			name = Debug;
		};
		680020961B6672970012B66F /* Release */ = {
			isa = XCBuildConfiguration;
			buildSettings = {
				BUNDLE_LOADER = "$(TEST_HOST)";
				COMBINE_HIDPI_IMAGES = YES;
				INFOPLIST_FILE = "Smart HomeTests/Info.plist";
				LD_RUNPATH_SEARCH_PATHS = "$(inherited) @executable_path/../Frameworks @loader_path/../Frameworks";
				PRODUCT_BUNDLE_IDENTIFIER = "com.artem.belkov.Smart-HomeTests";
				PRODUCT_NAME = "$(TARGET_NAME)";
				TEST_HOST = "$(BUILT_PRODUCTS_DIR)/Smart Home.app/Contents/MacOS/Smart Home";
			};
			name = Release;
		};
		680020981B6672970012B66F /* Debug */ = {
			isa = XCBuildConfiguration;
			buildSettings = {
				COMBINE_HIDPI_IMAGES = YES;
				INFOPLIST_FILE = "Smart HomeUITests/Info.plist";
				LD_RUNPATH_SEARCH_PATHS = "$(inherited) @executable_path/../Frameworks @loader_path/../Frameworks";
				PRODUCT_BUNDLE_IDENTIFIER = "com.artem.belkov.Smart-HomeUITests";
				PRODUCT_NAME = "$(TARGET_NAME)";
				TEST_TARGET_NAME = "Smart Home";
				USES_XCTRUNNER = YES;
			};
			name = Debug;
		};
		680020991B6672970012B66F /* Release */ = {
			isa = XCBuildConfiguration;
			buildSettings = {
				COMBINE_HIDPI_IMAGES = YES;
				INFOPLIST_FILE = "Smart HomeUITests/Info.plist";
				LD_RUNPATH_SEARCH_PATHS = "$(inherited) @executable_path/../Frameworks @loader_path/../Frameworks";
				PRODUCT_BUNDLE_IDENTIFIER = "com.artem.belkov.Smart-HomeUITests";
				PRODUCT_NAME = "$(TARGET_NAME)";
				TEST_TARGET_NAME = "Smart Home";
				USES_XCTRUNNER = YES;
			};
			name = Release;
		};
/* End XCBuildConfiguration section */

/* Begin XCConfigurationList section */
		680020621B6672960012B66F /* Build configuration list for PBXProject "Smart Home" */ = {
			isa = XCConfigurationList;
			buildConfigurations = (
				6800208F1B6672970012B66F /* Debug */,
				680020901B6672970012B66F /* Release */,
			);
			defaultConfigurationIsVisible = 0;
			defaultConfigurationName = Release;
		};
		680020911B6672970012B66F /* Build configuration list for PBXNativeTarget "Smart Home" */ = {
			isa = XCConfigurationList;
			buildConfigurations = (
				680020921B6672970012B66F /* Debug */,
				680020931B6672970012B66F /* Release */,
			);
			defaultConfigurationIsVisible = 0;
			defaultConfigurationName = Release;
		};
		680020941B6672970012B66F /* Build configuration list for PBXNativeTarget "Smart HomeTests" */ = {
			isa = XCConfigurationList;
			buildConfigurations = (
				680020951B6672970012B66F /* Debug */,
				680020961B6672970012B66F /* Release */,
			);
			defaultConfigurationIsVisible = 0;
			defaultConfigurationName = Release;
		};
		680020971B6672970012B66F /* Build configuration list for PBXNativeTarget "Smart HomeUITests" */ = {
			isa = XCConfigurationList;
			buildConfigurations = (
				680020981B6672970012B66F /* Debug */,
				680020991B6672970012B66F /* Release */,
			);
			defaultConfigurationIsVisible = 0;
			defaultConfigurationName = Release;
		};
/* End XCConfigurationList section */
	};
	rootObject = 6800205F1B6672960012B66F /* Project object */;
}
